
Microsoft Visual Studio Solution File, Format Version 12.00
# Visual Studio 15
VisualStudioVersion = 15.0.27703.2035
MinimumVisualStudioVersion = 10.0.40219.1
Project("{FAE04EC0-301F-11D3-BF4B-00C04F79EFBC}") = "IsTreeBST", "IsTreeBST\IsTreeBST.csproj", "{DA1BB867-F51B-448D-82A9-7B7644E08E3F}"
EndProject
Global
	GlobalSection(SolutionConfigurationPlatforms) = preSolution
		Debug|Any CPU = Debug|Any CPU
		Release|Any CPU = Release|Any CPU
	EndGlobalSection
	GlobalSection(ProjectConfigurationPlatforms) = postSolution
		{DA1BB867-F51B-448D-82A9-7B7644E08E3F}.Debug|Any CPU.ActiveCfg = Debug|Any CPU
		{DA1BB867-F51B-448D-82A9-7B7644E08E3F}.Debug|Any CPU.Build.0 = Debug|Any CPU
		{DA1BB867-F51B-448D-82A9-7B7644E08E3F}.Release|Any CPU.ActiveCfg = Release|Any CPU
		{DA1BB867-F51B-448D-82A9-7B7644E08E3F}.Release|Any CPU.Build.0 = Release|Any CPU
	EndGlobalSection
	GlobalSection(SolutionProperties) = preSolution
		HideSolutionNode = FALSE
	EndGlobalSection
	GlobalSection(ExtensibilityGlobals) = postSolution
		SolutionGuid = {7E104700-2D0C-4C4C-99D4-4D20D2C9D570}
	EndGlobalSection
EndGlobal
